
Microsoft Visual Studio Solution File, Format Version 12.00
# Visual Studio Version 16
VisualStudioVersion = 16.0.32602.291
MinimumVisualStudioVersion = 10.0.40219.1
Project("{FAE04EC0-301F-11D3-BF4B-00C04F79EFBC}") = "e-Shift_ManagementSystem", "e-Shift_ManagementSystem.csproj", "{90D9306C-3C33-4C4F-870C-4A28A1310639}"
EndProject
Global
	GlobalSection(SolutionConfigurationPlatforms) = preSolution
		Debug|Any CPU = Debug|Any CPU
		Release|Any CPU = Release|Any CPU
	EndGlobalSection
	GlobalSection(ProjectConfigurationPlatforms) = postSolution
		{90D9306C-3C33-4C4F-870C-4A28A1310639}.Debug|Any CPU.ActiveCfg = Debug|Any CPU
		{90D9306C-3C33-4C4F-870C-4A28A1310639}.Debug|Any CPU.Build.0 = Debug|Any CPU
		{90D9306C-3C33-4C4F-870C-4A28A1310639}.Release|Any CPU.ActiveCfg = Release|Any CPU
		{90D9306C-3C33-4C4F-870C-4A28A1310639}.Release|Any CPU.Build.0 = Release|Any CPU
	EndGlobalSection
	GlobalSection(SolutionProperties) = preSolution
		HideSolutionNode = FALSE
	EndGlobalSection
	GlobalSection(ExtensibilityGlobals) = postSolution
		SolutionGuid = {D5F2BCE7-EC60-4E78-AEB7-5039AB9E4250}
	EndGlobalSection
EndGlobal
